
Microsoft Visual Studio Solution File, Format Version 12.00
# Visual Studio Version 17
VisualStudioVersion = 17.7.34024.191
MinimumVisualStudioVersion = 10.0.40219.1
Project("{2150E333-8FDC-42A3-9474-1A3956D46DE8}") = "IdentityServices", "IdentityServices", "{70A81320-9ED1-448C-A78C-F859511B3AF8}"
EndProject
Project("{9A19103F-16F7-4668-BE54-9A1E7A4F7556}") = "IdentityService.WebAPI", "IdentityService.WebAPI\IdentityService.WebAPI.csproj", "{BC0308D8-ED8D-4291-A7C4-7FDFA2DCB1CD}"
EndProject
Project("{9A19103F-16F7-4668-BE54-9A1E7A4F7556}") = "IdentityService.Infrastructure", "IdentityService.Infrastructure\IdentityService.Infrastructure.csproj", "{67F800B8-A781-442E-A7EC-50CF290D8226}"
EndProject
Project("{9A19103F-16F7-4668-BE54-9A1E7A4F7556}") = "IdentityService.Domain", "IdentityService.Domain\IdentityService.Domain.csproj", "{36EEF7FB-C1FB-4E24-A964-733B615A2DA8}"
EndProject
Project("{2150E333-8FDC-42A3-9474-1A3956D46DE8}") = "Commons", "Commons", "{3144EB0D-0BBE-4098-9BE7-9A62688A6CD6}"
EndProject
Project("{9A19103F-16F7-4668-BE54-9A1E7A4F7556}") = "Noodles.DomainCommons", "Noodles.DomainCommons\Noodles.DomainCommons.csproj", "{C7EBB87C-7A4D-4447-937E-2C1B1DD3DD78}"
EndProject
Project("{9A19103F-16F7-4668-BE54-9A1E7A4F7556}") = "Noodles.Infrastructure", "Noodles.Infrastructure\Noodles.Infrastructure.csproj", "{5D4EEF14-979D-4653-93C6-9CFD6A1956EE}"
EndProject
Project("{9A19103F-16F7-4668-BE54-9A1E7A4F7556}") = "CommonInitializer", "CommonInitializer\CommonInitializer.csproj", "{14AFC427-2307-4CA6-9D9D-3299E916493C}"
EndProject
Project("{9A19103F-16F7-4668-BE54-9A1E7A4F7556}") = "Noodles.Common", "Noodles.Common\Noodles.Common.csproj", "{4240A26F-4F56-4423-BE56-B4D93DBE456D}"
EndProject
Project("{9A19103F-16F7-4668-BE54-9A1E7A4F7556}") = "Noodles.EventBus", "Noodles.EventBus\Noodles.EventBus.csproj", "{0BD4F4F1-CC6A-460B-9FB3-61E7247E5E5C}"
EndProject
Project("{9A19103F-16F7-4668-BE54-9A1E7A4F7556}") = "Noodles.Jwt", "Noodles.Jwt\Noodles.Jwt.csproj", "{4D282B6E-DDD4-4040-B8E9-D9AD114324BE}"
EndProject
Project("{9A19103F-16F7-4668-BE54-9A1E7A4F7556}") = "Noodles.ASPNETCore", "Noodles.ASPNETCore\Noodles.ASPNETCore.csproj", "{A494AAFC-6E37-45C8-93DB-95DA1027AB33}"
EndProject
Project("{2150E333-8FDC-42A3-9474-1A3956D46DE8}") = "FileService", "FileService", "{01750763-2A4B-4D26-949D-E79EDEF595C5}"
EndProject
Project("{FAE04EC0-301F-11D3-BF4B-00C04F79EFBC}") = "FileService.WebAPI", "FileService.WebAPI\FileService.WebAPI.csproj", "{07F44D40-9ACE-4E26-B239-F72FDFFDD284}"
EndProject
Project("{FAE04EC0-301F-11D3-BF4B-00C04F79EFBC}") = "FileService.Domain", "FileService.Domain\FileService.Domain.csproj", "{8EE560BB-3CF6-47AB-B1D1-A5A1C1DE0CAB}"
EndProject
Project("{FAE04EC0-301F-11D3-BF4B-00C04F79EFBC}") = "FileService.Infrastructure", "FileService.Infrastructure\FileService.Infrastructure.csproj", "{0725AEF6-F535-4E4A-BE96-FC67180DB4AE}"
EndProject
Project("{FAE04EC0-301F-11D3-BF4B-00C04F79EFBC}") = "FileService.SDK.NETCore", "FileService.SDK.NETCore\FileService.SDK.NETCore.csproj", "{CCBCB565-C383-4F88-8E6E-A90CF2C49913}"
EndProject
Project("{2150E333-8FDC-42A3-9474-1A3956D46DE8}") = "Listening", "Listening", "{855FA75E-09EF-4AB4-9C39-BF61F7CAD9CF}"
EndProject
Project("{FAE04EC0-301F-11D3-BF4B-00C04F79EFBC}") = "Listening.Admin.WebAPI", "Listening.Admin.WebAPI\Listening.Admin.WebAPI.csproj", "{427E2A84-D1F9-4F34-A454-E4C0F8BE32B4}"
EndProject
Project("{FAE04EC0-301F-11D3-BF4B-00C04F79EFBC}") = "Listening.Domain", "Listening.Domain\Listening.Domain.csproj", "{35B93405-9120-418F-A3CA-DB03ADFC770B}"
EndProject
Project("{FAE04EC0-301F-11D3-BF4B-00C04F79EFBC}") = "Listening.Infrastructure", "Listening.Infrastructure\Listening.Infrastructure.csproj", "{C1641DFB-8EA6-4C0A-A5FF-0DE9B0ECD05E}"
EndProject
Project("{2150E333-8FDC-42A3-9474-1A3956D46DE8}") = "MediaEncoder", "MediaEncoder", "{5DF61426-1719-454B-8F92-F765288F5C45}"
EndProject
Project("{FAE04EC0-301F-11D3-BF4B-00C04F79EFBC}") = "MediaEncoder.WebAPI", "MediaEncoder.WebAPI\MediaEncoder.WebAPI.csproj", "{595AB4E9-8D77-488D-BC94-64353EBFF4A5}"
EndProject
Project("{FAE04EC0-301F-11D3-BF4B-00C04F79EFBC}") = "MediaEncoder.Domain", "MediaEncoder.Domain\MediaEncoder.Domain.csproj", "{C9542BDE-CB01-41F6-AC01-19BC973CDBE8}"
EndProject
Project("{FAE04EC0-301F-11D3-BF4B-00C04F79EFBC}") = "MediaEncoder.Infrastructure", "MediaEncoder.Infrastructure\MediaEncoder.Infrastructure.csproj", "{5CDCE558-1752-4862-84FF-83ACADA45861}"
EndProject
Project("{FAE04EC0-301F-11D3-BF4B-00C04F79EFBC}") = "Listening.Main.WebAPI", "Listening.Main.WebAPI\Listening.Main.WebAPI.csproj", "{3D19714B-7E26-409C-8CA2-EBCD2ADF3687}"
EndProject
Global
	GlobalSection(SolutionConfigurationPlatforms) = preSolution
		Debug|Any CPU = Debug|Any CPU
		Release|Any CPU = Release|Any CPU
	EndGlobalSection
	GlobalSection(ProjectConfigurationPlatforms) = postSolution
		{BC0308D8-ED8D-4291-A7C4-7FDFA2DCB1CD}.Debug|Any CPU.ActiveCfg = Debug|Any CPU
		{BC0308D8-ED8D-4291-A7C4-7FDFA2DCB1CD}.Debug|Any CPU.Build.0 = Debug|Any CPU
		{BC0308D8-ED8D-4291-A7C4-7FDFA2DCB1CD}.Release|Any CPU.ActiveCfg = Release|Any CPU
		{BC0308D8-ED8D-4291-A7C4-7FDFA2DCB1CD}.Release|Any CPU.Build.0 = Release|Any CPU
		{67F800B8-A781-442E-A7EC-50CF290D8226}.Debug|Any CPU.ActiveCfg = Debug|Any CPU
		{67F800B8-A781-442E-A7EC-50CF290D8226}.Debug|Any CPU.Build.0 = Debug|Any CPU
		{67F800B8-A781-442E-A7EC-50CF290D8226}.Release|Any CPU.ActiveCfg = Release|Any CPU
		{67F800B8-A781-442E-A7EC-50CF290D8226}.Release|Any CPU.Build.0 = Release|Any CPU
		{36EEF7FB-C1FB-4E24-A964-733B615A2DA8}.Debug|Any CPU.ActiveCfg = Debug|Any CPU
		{36EEF7FB-C1FB-4E24-A964-733B615A2DA8}.Debug|Any CPU.Build.0 = Debug|Any CPU
		{36EEF7FB-C1FB-4E24-A964-733B615A2DA8}.Release|Any CPU.ActiveCfg = Release|Any CPU
		{36EEF7FB-C1FB-4E24-A964-733B615A2DA8}.Release|Any CPU.Build.0 = Release|Any CPU
		{C7EBB87C-7A4D-4447-937E-2C1B1DD3DD78}.Debug|Any CPU.ActiveCfg = Debug|Any CPU
		{C7EBB87C-7A4D-4447-937E-2C1B1DD3DD78}.Debug|Any CPU.Build.0 = Debug|Any CPU
		{C7EBB87C-7A4D-4447-937E-2C1B1DD3DD78}.Release|Any CPU.ActiveCfg = Release|Any CPU
		{C7EBB87C-7A4D-4447-937E-2C1B1DD3DD78}.Release|Any CPU.Build.0 = Release|Any CPU
		{5D4EEF14-979D-4653-93C6-9CFD6A1956EE}.Debug|Any CPU.ActiveCfg = Debug|Any CPU
		{5D4EEF14-979D-4653-93C6-9CFD6A1956EE}.Debug|Any CPU.Build.0 = Debug|Any CPU
		{5D4EEF14-979D-4653-93C6-9CFD6A1956EE}.Release|Any CPU.ActiveCfg = Release|Any CPU
		{5D4EEF14-979D-4653-93C6-9CFD6A1956EE}.Release|Any CPU.Build.0 = Release|Any CPU
		{14AFC427-2307-4CA6-9D9D-3299E916493C}.Debug|Any CPU.ActiveCfg = Debug|Any CPU
		{14AFC427-2307-4CA6-9D9D-3299E916493C}.Debug|Any CPU.Build.0 = Debug|Any CPU
		{14AFC427-2307-4CA6-9D9D-3299E916493C}.Release|Any CPU.ActiveCfg = Release|Any CPU
		{14AFC427-2307-4CA6-9D9D-3299E916493C}.Release|Any CPU.Build.0 = Release|Any CPU
		{4240A26F-4F56-4423-BE56-B4D93DBE456D}.Debug|Any CPU.ActiveCfg = Debug|Any CPU
		{4240A26F-4F56-4423-BE56-B4D93DBE456D}.Debug|Any CPU.Build.0 = Debug|Any CPU
		{4240A26F-4F56-4423-BE56-B4D93DBE456D}.Release|Any CPU.ActiveCfg = Release|Any CPU
		{4240A26F-4F56-4423-BE56-B4D93DBE456D}.Release|Any CPU.Build.0 = Release|Any CPU
		{0BD4F4F1-CC6A-460B-9FB3-61E7247E5E5C}.Debug|Any CPU.ActiveCfg = Debug|Any CPU
		{0BD4F4F1-CC6A-460B-9FB3-61E7247E5E5C}.Debug|Any CPU.Build.0 = Debug|Any CPU
		{0BD4F4F1-CC6A-460B-9FB3-61E7247E5E5C}.Release|Any CPU.ActiveCfg = Release|Any CPU
		{0BD4F4F1-CC6A-460B-9FB3-61E7247E5E5C}.Release|Any CPU.Build.0 = Release|Any CPU
		{4D282B6E-DDD4-4040-B8E9-D9AD114324BE}.Debug|Any CPU.ActiveCfg = Debug|Any CPU
		{4D282B6E-DDD4-4040-B8E9-D9AD114324BE}.Debug|Any CPU.Build.0 = Debug|Any CPU
		{4D282B6E-DDD4-4040-B8E9-D9AD114324BE}.Release|Any CPU.ActiveCfg = Release|Any CPU
		{4D282B6E-DDD4-4040-B8E9-D9AD114324BE}.Release|Any CPU.Build.0 = Release|Any CPU
		{A494AAFC-6E37-45C8-93DB-95DA1027AB33}.Debug|Any CPU.ActiveCfg = Debug|Any CPU
		{A494AAFC-6E37-45C8-93DB-95DA1027AB33}.Debug|Any CPU.Build.0 = Debug|Any CPU
		{A494AAFC-6E37-45C8-93DB-95DA1027AB33}.Release|Any CPU.ActiveCfg = Release|Any CPU
		{A494AAFC-6E37-45C8-93DB-95DA1027AB33}.Release|Any CPU.Build.0 = Release|Any CPU
		{07F44D40-9ACE-4E26-B239-F72FDFFDD284}.Debug|Any CPU.ActiveCfg = Debug|Any CPU
		{07F44D40-9ACE-4E26-B239-F72FDFFDD284}.Debug|Any CPU.Build.0 = Debug|Any CPU
		{07F44D40-9ACE-4E26-B239-F72FDFFDD284}.Release|Any CPU.ActiveCfg = Release|Any CPU
		{07F44D40-9ACE-4E26-B239-F72FDFFDD284}.Release|Any CPU.Build.0 = Release|Any CPU
		{8EE560BB-3CF6-47AB-B1D1-A5A1C1DE0CAB}.Debug|Any CPU.ActiveCfg = Debug|Any CPU
		{8EE560BB-3CF6-47AB-B1D1-A5A1C1DE0CAB}.Debug|Any CPU.Build.0 = Debug|Any CPU
		{8EE560BB-3CF6-47AB-B1D1-A5A1C1DE0CAB}.Release|Any CPU.ActiveCfg = Release|Any CPU
		{8EE560BB-3CF6-47AB-B1D1-A5A1C1DE0CAB}.Release|Any CPU.Build.0 = Release|Any CPU
		{0725AEF6-F535-4E4A-BE96-FC67180DB4AE}.Debug|Any CPU.ActiveCfg = Debug|Any CPU
		{0725AEF6-F535-4E4A-BE96-FC67180DB4AE}.Debug|Any CPU.Build.0 = Debug|Any CPU
		{0725AEF6-F535-4E4A-BE96-FC67180DB4AE}.Release|Any CPU.ActiveCfg = Release|Any CPU
		{0725AEF6-F535-4E4A-BE96-FC67180DB4AE}.Release|Any CPU.Build.0 = Release|Any CPU
		{CCBCB565-C383-4F88-8E6E-A90CF2C49913}.Debug|Any CPU.ActiveCfg = Debug|Any CPU
		{CCBCB565-C383-4F88-8E6E-A90CF2C49913}.Debug|Any CPU.Build.0 = Debug|Any CPU
		{CCBCB565-C383-4F88-8E6E-A90CF2C49913}.Release|Any CPU.ActiveCfg = Release|Any CPU
		{CCBCB565-C383-4F88-8E6E-A90CF2C49913}.Release|Any CPU.Build.0 = Release|Any CPU
		{427E2A84-D1F9-4F34-A454-E4C0F8BE32B4}.Debug|Any CPU.ActiveCfg = Debug|Any CPU
		{427E2A84-D1F9-4F34-A454-E4C0F8BE32B4}.Debug|Any CPU.Build.0 = Debug|Any CPU
		{427E2A84-D1F9-4F34-A454-E4C0F8BE32B4}.Release|Any CPU.ActiveCfg = Release|Any CPU
		{427E2A84-D1F9-4F34-A454-E4C0F8BE32B4}.Release|Any CPU.Build.0 = Release|Any CPU
		{35B93405-9120-418F-A3CA-DB03ADFC770B}.Debug|Any CPU.ActiveCfg = Debug|Any CPU
		{35B93405-9120-418F-A3CA-DB03ADFC770B}.Debug|Any CPU.Build.0 = Debug|Any CPU
		{35B93405-9120-418F-A3CA-DB03ADFC770B}.Release|Any CPU.ActiveCfg = Release|Any CPU
		{35B93405-9120-418F-A3CA-DB03ADFC770B}.Release|Any CPU.Build.0 = Release|Any CPU
		{C1641DFB-8EA6-4C0A-A5FF-0DE9B0ECD05E}.Debug|Any CPU.ActiveCfg = Debug|Any CPU
		{C1641DFB-8EA6-4C0A-A5FF-0DE9B0ECD05E}.Debug|Any CPU.Build.0 = Debug|Any CPU
		{C1641DFB-8EA6-4C0A-A5FF-0DE9B0ECD05E}.Release|Any CPU.ActiveCfg = Release|Any CPU
		{C1641DFB-8EA6-4C0A-A5FF-0DE9B0ECD05E}.Release|Any CPU.Build.0 = Release|Any CPU
		{595AB4E9-8D77-488D-BC94-64353EBFF4A5}.Debug|Any CPU.ActiveCfg = Debug|Any CPU
		{595AB4E9-8D77-488D-BC94-64353EBFF4A5}.Debug|Any CPU.Build.0 = Debug|Any CPU
		{595AB4E9-8D77-488D-BC94-64353EBFF4A5}.Release|Any CPU.ActiveCfg = Release|Any CPU
		{595AB4E9-8D77-488D-BC94-64353EBFF4A5}.Release|Any CPU.Build.0 = Release|Any CPU
		{C9542BDE-CB01-41F6-AC01-19BC973CDBE8}.Debug|Any CPU.ActiveCfg = Debug|Any CPU
		{C9542BDE-CB01-41F6-AC01-19BC973CDBE8}.Debug|Any CPU.Build.0 = Debug|Any CPU
		{C9542BDE-CB01-41F6-AC01-19BC973CDBE8}.Release|Any CPU.ActiveCfg = Release|Any CPU
		{C9542BDE-CB01-41F6-AC01-19BC973CDBE8}.Release|Any CPU.Build.0 = Release|Any CPU
		{5CDCE558-1752-4862-84FF-83ACADA45861}.Debug|Any CPU.ActiveCfg = Debug|Any CPU
		{5CDCE558-1752-4862-84FF-83ACADA45861}.Debug|Any CPU.Build.0 = Debug|Any CPU
		{5CDCE558-1752-4862-84FF-83ACADA45861}.Release|Any CPU.ActiveCfg = Release|Any CPU
		{5CDCE558-1752-4862-84FF-83ACADA45861}.Release|Any CPU.Build.0 = Release|Any CPU
		{3D19714B-7E26-409C-8CA2-EBCD2ADF3687}.Debug|Any CPU.ActiveCfg = Debug|Any CPU
		{3D19714B-7E26-409C-8CA2-EBCD2ADF3687}.Debug|Any CPU.Build.0 = Debug|Any CPU
		{3D19714B-7E26-409C-8CA2-EBCD2ADF3687}.Release|Any CPU.ActiveCfg = Release|Any CPU
		{3D19714B-7E26-409C-8CA2-EBCD2ADF3687}.Release|Any CPU.Build.0 = Release|Any CPU
	EndGlobalSection
	GlobalSection(SolutionProperties) = preSolution
		HideSolutionNode = FALSE
	EndGlobalSection
	GlobalSection(NestedProjects) = preSolution
		{BC0308D8-ED8D-4291-A7C4-7FDFA2DCB1CD} = {70A81320-9ED1-448C-A78C-F859511B3AF8}
		{67F800B8-A781-442E-A7EC-50CF290D8226} = {70A81320-9ED1-448C-A78C-F859511B3AF8}
		{36EEF7FB-C1FB-4E24-A964-733B615A2DA8} = {70A81320-9ED1-448C-A78C-F859511B3AF8}
		{C7EBB87C-7A4D-4447-937E-2C1B1DD3DD78} = {3144EB0D-0BBE-4098-9BE7-9A62688A6CD6}
		{5D4EEF14-979D-4653-93C6-9CFD6A1956EE} = {3144EB0D-0BBE-4098-9BE7-9A62688A6CD6}
		{14AFC427-2307-4CA6-9D9D-3299E916493C} = {3144EB0D-0BBE-4098-9BE7-9A62688A6CD6}
		{4240A26F-4F56-4423-BE56-B4D93DBE456D} = {3144EB0D-0BBE-4098-9BE7-9A62688A6CD6}
		{0BD4F4F1-CC6A-460B-9FB3-61E7247E5E5C} = {3144EB0D-0BBE-4098-9BE7-9A62688A6CD6}
		{4D282B6E-DDD4-4040-B8E9-D9AD114324BE} = {3144EB0D-0BBE-4098-9BE7-9A62688A6CD6}
		{A494AAFC-6E37-45C8-93DB-95DA1027AB33} = {3144EB0D-0BBE-4098-9BE7-9A62688A6CD6}
		{07F44D40-9ACE-4E26-B239-F72FDFFDD284} = {01750763-2A4B-4D26-949D-E79EDEF595C5}
		{8EE560BB-3CF6-47AB-B1D1-A5A1C1DE0CAB} = {01750763-2A4B-4D26-949D-E79EDEF595C5}
		{0725AEF6-F535-4E4A-BE96-FC67180DB4AE} = {01750763-2A4B-4D26-949D-E79EDEF595C5}
		{CCBCB565-C383-4F88-8E6E-A90CF2C49913} = {01750763-2A4B-4D26-949D-E79EDEF595C5}
		{427E2A84-D1F9-4F34-A454-E4C0F8BE32B4} = {855FA75E-09EF-4AB4-9C39-BF61F7CAD9CF}
		{35B93405-9120-418F-A3CA-DB03ADFC770B} = {855FA75E-09EF-4AB4-9C39-BF61F7CAD9CF}
		{C1641DFB-8EA6-4C0A-A5FF-0DE9B0ECD05E} = {855FA75E-09EF-4AB4-9C39-BF61F7CAD9CF}
		{595AB4E9-8D77-488D-BC94-64353EBFF4A5} = {5DF61426-1719-454B-8F92-F765288F5C45}
		{C9542BDE-CB01-41F6-AC01-19BC973CDBE8} = {5DF61426-1719-454B-8F92-F765288F5C45}
		{5CDCE558-1752-4862-84FF-83ACADA45861} = {5DF61426-1719-454B-8F92-F765288F5C45}
		{3D19714B-7E26-409C-8CA2-EBCD2ADF3687} = {855FA75E-09EF-4AB4-9C39-BF61F7CAD9CF}
	EndGlobalSection
	GlobalSection(ExtensibilityGlobals) = postSolution
		SolutionGuid = {C22DA93D-D8D7-459F-B427-0DF0D7583EB3}
	EndGlobalSection
EndGlobal
