
Microsoft Visual Studio Solution File, Format Version 12.00
Project("{2150E333-8FDC-42A3-9474-1A3956D46DE8}") = "IdentityServices", "IdentityServices", "{70A81320-9ED1-448C-A78C-F859511B3AF8}"
EndProject
Project("{FAE04EC0-301F-11D3-BF4B-00C04F79EFBC}") = "IdentityService.WebAPI", "IdentityService.WebAPI\IdentityService.WebAPI.csproj", "{BC0308D8-ED8D-4291-A7C4-7FDFA2DCB1CD}"
EndProject
Project("{FAE04EC0-301F-11D3-BF4B-00C04F79EFBC}") = "IdentityService.Infrastructure", "IdentityService.Infrastructure\IdentityService.Infrastructure.csproj", "{67F800B8-A781-442E-A7EC-50CF290D8226}"
EndProject
Project("{FAE04EC0-301F-11D3-BF4B-00C04F79EFBC}") = "IdentityService.Domain", "IdentityService.Domain\IdentityService.Domain.csproj", "{36EEF7FB-C1FB-4E24-A964-733B615A2DA8}"
EndProject
Project("{2150E333-8FDC-42A3-9474-1A3956D46DE8}") = "Commons", "Commons", "{3144EB0D-0BBE-4098-9BE7-9A62688A6CD6}"
EndProject
Project("{FAE04EC0-301F-11D3-BF4B-00C04F79EFBC}") = "Noodles.DomainCommons", "Noodles.DomainCommons\Noodles.DomainCommons.csproj", "{C7EBB87C-7A4D-4447-937E-2C1B1DD3DD78}"
EndProject
Project("{FAE04EC0-301F-11D3-BF4B-00C04F79EFBC}") = "Noodles.Infrastructure", "Noodles.Infrastructure\Noodles.Infrastructure.csproj", "{5D4EEF14-979D-4653-93C6-9CFD6A1956EE}"
EndProject
Project("{FAE04EC0-301F-11D3-BF4B-00C04F79EFBC}") = "CommonInitializer", "CommonInitializer\CommonInitializer.csproj", "{14AFC427-2307-4CA6-9D9D-3299E916493C}"
EndProject
Project("{FAE04EC0-301F-11D3-BF4B-00C04F79EFBC}") = "Noodles.Common", "Noodles.Common\Noodles.Common.csproj", "{4240A26F-4F56-4423-BE56-B4D93DBE456D}"
EndProject
Project("{FAE04EC0-301F-11D3-BF4B-00C04F79EFBC}") = "Noodles.EventBus", "Noodles.EventBus\Noodles.EventBus.csproj", "{0BD4F4F1-CC6A-460B-9FB3-61E7247E5E5C}"
EndProject
Project("{FAE04EC0-301F-11D3-BF4B-00C04F79EFBC}") = "Noodles.Jwt", "Noodles.Jwt\Noodles.Jwt.csproj", "{4D282B6E-DDD4-4040-B8E9-D9AD114324BE}"
EndProject
Project("{FAE04EC0-301F-11D3-BF4B-00C04F79EFBC}") = "Noodles.ASPNETCore", "Noodles.ASPNETCore\Noodles.ASPNETCore.csproj", "{A494AAFC-6E37-45C8-93DB-95DA1027AB33}"
EndProject
Global
	GlobalSection(SolutionConfigurationPlatforms) = preSolution
		Debug|Any CPU = Debug|Any CPU
		Release|Any CPU = Release|Any CPU
	EndGlobalSection
	GlobalSection(ProjectConfigurationPlatforms) = postSolution
		{BC0308D8-ED8D-4291-A7C4-7FDFA2DCB1CD}.Debug|Any CPU.ActiveCfg = Debug|Any CPU
		{BC0308D8-ED8D-4291-A7C4-7FDFA2DCB1CD}.Debug|Any CPU.Build.0 = Debug|Any CPU
		{BC0308D8-ED8D-4291-A7C4-7FDFA2DCB1CD}.Release|Any CPU.ActiveCfg = Release|Any CPU
		{BC0308D8-ED8D-4291-A7C4-7FDFA2DCB1CD}.Release|Any CPU.Build.0 = Release|Any CPU
		{67F800B8-A781-442E-A7EC-50CF290D8226}.Debug|Any CPU.ActiveCfg = Debug|Any CPU
		{67F800B8-A781-442E-A7EC-50CF290D8226}.Debug|Any CPU.Build.0 = Debug|Any CPU
		{67F800B8-A781-442E-A7EC-50CF290D8226}.Release|Any CPU.ActiveCfg = Release|Any CPU
		{67F800B8-A781-442E-A7EC-50CF290D8226}.Release|Any CPU.Build.0 = Release|Any CPU
		{36EEF7FB-C1FB-4E24-A964-733B615A2DA8}.Debug|Any CPU.ActiveCfg = Debug|Any CPU
		{36EEF7FB-C1FB-4E24-A964-733B615A2DA8}.Debug|Any CPU.Build.0 = Debug|Any CPU
		{36EEF7FB-C1FB-4E24-A964-733B615A2DA8}.Release|Any CPU.ActiveCfg = Release|Any CPU
		{36EEF7FB-C1FB-4E24-A964-733B615A2DA8}.Release|Any CPU.Build.0 = Release|Any CPU
		{C7EBB87C-7A4D-4447-937E-2C1B1DD3DD78}.Debug|Any CPU.ActiveCfg = Debug|Any CPU
		{C7EBB87C-7A4D-4447-937E-2C1B1DD3DD78}.Debug|Any CPU.Build.0 = Debug|Any CPU
		{C7EBB87C-7A4D-4447-937E-2C1B1DD3DD78}.Release|Any CPU.ActiveCfg = Release|Any CPU
		{C7EBB87C-7A4D-4447-937E-2C1B1DD3DD78}.Release|Any CPU.Build.0 = Release|Any CPU
		{5D4EEF14-979D-4653-93C6-9CFD6A1956EE}.Debug|Any CPU.ActiveCfg = Debug|Any CPU
		{5D4EEF14-979D-4653-93C6-9CFD6A1956EE}.Debug|Any CPU.Build.0 = Debug|Any CPU
		{5D4EEF14-979D-4653-93C6-9CFD6A1956EE}.Release|Any CPU.ActiveCfg = Release|Any CPU
		{5D4EEF14-979D-4653-93C6-9CFD6A1956EE}.Release|Any CPU.Build.0 = Release|Any CPU
		{14AFC427-2307-4CA6-9D9D-3299E916493C}.Debug|Any CPU.ActiveCfg = Debug|Any CPU
		{14AFC427-2307-4CA6-9D9D-3299E916493C}.Debug|Any CPU.Build.0 = Debug|Any CPU
		{14AFC427-2307-4CA6-9D9D-3299E916493C}.Release|Any CPU.ActiveCfg = Release|Any CPU
		{14AFC427-2307-4CA6-9D9D-3299E916493C}.Release|Any CPU.Build.0 = Release|Any CPU
		{4240A26F-4F56-4423-BE56-B4D93DBE456D}.Debug|Any CPU.ActiveCfg = Debug|Any CPU
		{4240A26F-4F56-4423-BE56-B4D93DBE456D}.Debug|Any CPU.Build.0 = Debug|Any CPU
		{4240A26F-4F56-4423-BE56-B4D93DBE456D}.Release|Any CPU.ActiveCfg = Release|Any CPU
		{4240A26F-4F56-4423-BE56-B4D93DBE456D}.Release|Any CPU.Build.0 = Release|Any CPU
		{0BD4F4F1-CC6A-460B-9FB3-61E7247E5E5C}.Debug|Any CPU.ActiveCfg = Debug|Any CPU
		{0BD4F4F1-CC6A-460B-9FB3-61E7247E5E5C}.Debug|Any CPU.Build.0 = Debug|Any CPU
		{0BD4F4F1-CC6A-460B-9FB3-61E7247E5E5C}.Release|Any CPU.ActiveCfg = Release|Any CPU
		{0BD4F4F1-CC6A-460B-9FB3-61E7247E5E5C}.Release|Any CPU.Build.0 = Release|Any CPU
		{4D282B6E-DDD4-4040-B8E9-D9AD114324BE}.Debug|Any CPU.ActiveCfg = Debug|Any CPU
		{4D282B6E-DDD4-4040-B8E9-D9AD114324BE}.Debug|Any CPU.Build.0 = Debug|Any CPU
		{4D282B6E-DDD4-4040-B8E9-D9AD114324BE}.Release|Any CPU.ActiveCfg = Release|Any CPU
		{4D282B6E-DDD4-4040-B8E9-D9AD114324BE}.Release|Any CPU.Build.0 = Release|Any CPU
		{A494AAFC-6E37-45C8-93DB-95DA1027AB33}.Debug|Any CPU.ActiveCfg = Debug|Any CPU
		{A494AAFC-6E37-45C8-93DB-95DA1027AB33}.Debug|Any CPU.Build.0 = Debug|Any CPU
		{A494AAFC-6E37-45C8-93DB-95DA1027AB33}.Release|Any CPU.ActiveCfg = Release|Any CPU
		{A494AAFC-6E37-45C8-93DB-95DA1027AB33}.Release|Any CPU.Build.0 = Release|Any CPU
	EndGlobalSection
	GlobalSection(NestedProjects) = preSolution
		{BC0308D8-ED8D-4291-A7C4-7FDFA2DCB1CD} = {70A81320-9ED1-448C-A78C-F859511B3AF8}
		{67F800B8-A781-442E-A7EC-50CF290D8226} = {70A81320-9ED1-448C-A78C-F859511B3AF8}
		{36EEF7FB-C1FB-4E24-A964-733B615A2DA8} = {70A81320-9ED1-448C-A78C-F859511B3AF8}
		{C7EBB87C-7A4D-4447-937E-2C1B1DD3DD78} = {3144EB0D-0BBE-4098-9BE7-9A62688A6CD6}
		{5D4EEF14-979D-4653-93C6-9CFD6A1956EE} = {3144EB0D-0BBE-4098-9BE7-9A62688A6CD6}
		{14AFC427-2307-4CA6-9D9D-3299E916493C} = {3144EB0D-0BBE-4098-9BE7-9A62688A6CD6}
		{4240A26F-4F56-4423-BE56-B4D93DBE456D} = {3144EB0D-0BBE-4098-9BE7-9A62688A6CD6}
		{0BD4F4F1-CC6A-460B-9FB3-61E7247E5E5C} = {3144EB0D-0BBE-4098-9BE7-9A62688A6CD6}
		{4D282B6E-DDD4-4040-B8E9-D9AD114324BE} = {3144EB0D-0BBE-4098-9BE7-9A62688A6CD6}
		{A494AAFC-6E37-45C8-93DB-95DA1027AB33} = {3144EB0D-0BBE-4098-9BE7-9A62688A6CD6}
	EndGlobalSection
EndGlobal
