
Microsoft Visual Studio Solution File, Format Version 12.00
# Visual Studio Version 16
VisualStudioVersion = 25.0.1706.4
MinimumVisualStudioVersion = 10.0.40219.1
Project("{FAE04EC0-301F-11D3-BF4B-00C04F79EFBC}") = "FileService.Domain", "FileService.Domain.csproj", "{736D17A7-E123-4C6D-80DA-A63BF6E4475C}"
EndProject
Global
	GlobalSection(SolutionConfigurationPlatforms) = preSolution
		Debug|Any CPU = Debug|Any CPU
		Release|Any CPU = Release|Any CPU
	EndGlobalSection
	GlobalSection(ProjectConfigurationPlatforms) = postSolution
		{736D17A7-E123-4C6D-80DA-A63BF6E4475C}.Debug|Any CPU.ActiveCfg = Debug|Any CPU
		{736D17A7-E123-4C6D-80DA-A63BF6E4475C}.Debug|Any CPU.Build.0 = Debug|Any CPU
		{736D17A7-E123-4C6D-80DA-A63BF6E4475C}.Release|Any CPU.ActiveCfg = Release|Any CPU
		{736D17A7-E123-4C6D-80DA-A63BF6E4475C}.Release|Any CPU.Build.0 = Release|Any CPU
	EndGlobalSection
	GlobalSection(SolutionProperties) = preSolution
		HideSolutionNode = FALSE
	EndGlobalSection
	GlobalSection(ExtensibilityGlobals) = postSolution
		SolutionGuid = {8A9C26DF-7100-4342-9230-84E17AE68DAC}
	EndGlobalSection
EndGlobal
